// !$*UTF8*$!
{
	archiveVersion = 1;
	classes = {
	};
	objectVersion = 48;
	objects = {

/* Begin PBXBuildFile section */
		3E3CE4641FBD5C5400B0D5BD /* AppDelegate.m in Sources */ = {isa = PBXBuildFile; fileRef = 3E3CE4631FBD5C5400B0D5BD /* AppDelegate.m */; };
		3E3CE4671FBD5C5500B0D5BD /* ViewController.m in Sources */ = {isa = PBXBuildFile; fileRef = 3E3CE4661FBD5C5500B0D5BD /* ViewController.m */; };
		3E3CE46A1FBD5C5500B0D5BD /* Main.storyboard in Resources */ = {isa = PBXBuildFile; fileRef = 3E3CE4681FBD5C5500B0D5BD /* Main.storyboard */; };
		3E3CE46C1FBD5C5500B0D5BD /* Assets.xcassets in Resources */ = {isa = PBXBuildFile; fileRef = 3E3CE46B1FBD5C5500B0D5BD /* Assets.xcassets */; };
		3E3CE46F1FBD5C5500B0D5BD /* LaunchScreen.storyboard in Resources */ = {isa = PBXBuildFile; fileRef = 3E3CE46D1FBD5C5500B0D5BD /* LaunchScreen.storyboard */; };
		3E3CE4721FBD5C5500B0D5BD /* main.m in Sources */ = {isa = PBXBuildFile; fileRef = 3E3CE4711FBD5C5500B0D5BD /* main.m */; };
		3E3CE47C1FBD5C5700B0D5BD /* PhotoPickTests.m in Sources */ = {isa = PBXBuildFile; fileRef = 3E3CE47B1FBD5C5700B0D5BD /* PhotoPickTests.m */; };
		3E3CE4871FBD5C5700B0D5BD /* PhotoPickUITests.m in Sources */ = {isa = PBXBuildFile; fileRef = 3E3CE4861FBD5C5700B0D5BD /* PhotoPickUITests.m */; };
		3E3CE4971FBD608800B0D5BD /* LHQAblumTool.m in Sources */ = {isa = PBXBuildFile; fileRef = 3E3CE4961FBD608800B0D5BD /* LHQAblumTool.m */; };
/* End PBXBuildFile section */

/* Begin PBXContainerItemProxy section */
		3E3CE4781FBD5C5700B0D5BD /* PBXContainerItemProxy */ = {
			isa = PBXContainerItemProxy;
			containerPortal = 3E3CE4571FBD5C5400B0D5BD /* Project object */;
			proxyType = 1;
			remoteGlobalIDString = 3E3CE45E1FBD5C5400B0D5BD;
			remoteInfo = PhotoPick;
		};
		3E3CE4831FBD5C5700B0D5BD /* PBXContainerItemProxy */ = {
			isa = PBXContainerItemProxy;
			containerPortal = 3E3CE4571FBD5C5400B0D5BD /* Project object */;
			proxyType = 1;
			remoteGlobalIDString = 3E3CE45E1FBD5C5400B0D5BD;
			remoteInfo = PhotoPick;
		};
/* End PBXContainerItemProxy section */

/* Begin PBXFileReference section */
		3E3CE45F1FBD5C5400B0D5BD /* PhotoPick.app */ = {isa = PBXFileReference; explicitFileType = wrapper.application; includeInIndex = 0; path = PhotoPick.app; sourceTree = BUILT_PRODUCTS_DIR; };
		3E3CE4621FBD5C5400B0D5BD /* AppDelegate.h */ = {isa = PBXFileReference; lastKnownFileType = sourcecode.c.h; path = AppDelegate.h; sourceTree = "<group>"; };
		3E3CE4631FBD5C5400B0D5BD /* AppDelegate.m */ = {isa = PBXFileReference; lastKnownFileType = sourcecode.c.objc; path = AppDelegate.m; sourceTree = "<group>"; };
		3E3CE4651FBD5C5400B0D5BD /* ViewController.h */ = {isa = PBXFileReference; lastKnownFileType = sourcecode.c.h; path = ViewController.h; sourceTree = "<group>"; };
		3E3CE4661FBD5C5500B0D5BD /* ViewController.m */ = {isa = PBXFileReference; lastKnownFileType = sourcecode.c.objc; path = ViewController.m; sourceTree = "<group>"; };
		3E3CE4691FBD5C5500B0D5BD /* Base */ = {isa = PBXFileReference; lastKnownFileType = file.storyboard; name = Base; path = Base.lproj/Main.storyboard; sourceTree = "<group>"; };
		3E3CE46B1FBD5C5500B0D5BD /* Assets.xcassets */ = {isa = PBXFileReference; lastKnownFileType = folder.assetcatalog; path = Assets.xcassets; sourceTree = "<group>"; };
		3E3CE46E1FBD5C5500B0D5BD /* Base */ = {isa = PBXFileReference; lastKnownFileType = file.storyboard; name = Base; path = Base.lproj/LaunchScreen.storyboard; sourceTree = "<group>"; };
		3E3CE4701FBD5C5500B0D5BD /* Info.plist */ = {isa = PBXFileReference; lastKnownFileType = text.plist.xml; path = Info.plist; sourceTree = "<group>"; };
		3E3CE4711FBD5C5500B0D5BD /* main.m */ = {isa = PBXFileReference; lastKnownFileType = sourcecode.c.objc; path = main.m; sourceTree = "<group>"; };
		3E3CE4771FBD5C5700B0D5BD /* PhotoPickTests.xctest */ = {isa = PBXFileReference; explicitFileType = wrapper.cfbundle; includeInIndex = 0; path = PhotoPickTests.xctest; sourceTree = BUILT_PRODUCTS_DIR; };
		3E3CE47B1FBD5C5700B0D5BD /* PhotoPickTests.m */ = {isa = PBXFileReference; lastKnownFileType = sourcecode.c.objc; path = PhotoPickTests.m; sourceTree = "<group>"; };
		3E3CE47D1FBD5C5700B0D5BD /* Info.plist */ = {isa = PBXFileReference; lastKnownFileType = text.plist.xml; path = Info.plist; sourceTree = "<group>"; };
		3E3CE4821FBD5C5700B0D5BD /* PhotoPickUITests.xctest */ = {isa = PBXFileReference; explicitFileType = wrapper.cfbundle; includeInIndex = 0; path = PhotoPickUITests.xctest; sourceTree = BUILT_PRODUCTS_DIR; };
		3E3CE4861FBD5C5700B0D5BD /* PhotoPickUITests.m */ = {isa = PBXFileReference; lastKnownFileType = sourcecode.c.objc; path = PhotoPickUITests.m; sourceTree = "<group>"; };
		3E3CE4881FBD5C5700B0D5BD /* Info.plist */ = {isa = PBXFileReference; lastKnownFileType = text.plist.xml; path = Info.plist; sourceTree = "<group>"; };
		3E3CE4951FBD608800B0D5BD /* LHQAblumTool.h */ = {isa = PBXFileReference; lastKnownFileType = sourcecode.c.h; path = LHQAblumTool.h; sourceTree = "<group>"; };
		3E3CE4961FBD608800B0D5BD /* LHQAblumTool.m */ = {isa = PBXFileReference; lastKnownFileType = sourcecode.c.objc; path = LHQAblumTool.m; sourceTree = "<group>"; };
/* End PBXFileReference section */

/* Begin PBXFrameworksBuildPhase section */
		3E3CE45C1FBD5C5400B0D5BD /* Frameworks */ = {
			isa = PBXFrameworksBuildPhase;
			buildActionMask = 2147483647;
			files = (
			);
			runOnlyForDeploymentPostprocessing = 0;
		};
		3E3CE4741FBD5C5700B0D5BD /* Frameworks */ = {
			isa = PBXFrameworksBuildPhase;
			buildActionMask = 2147483647;
			files = (
			);
			runOnlyForDeploymentPostprocessing = 0;
		};
		3E3CE47F1FBD5C5700B0D5BD /* Frameworks */ = {
			isa = PBXFrameworksBuildPhase;
			buildActionMask = 2147483647;
			files = (
			);
			runOnlyForDeploymentPostprocessing = 0;
		};
/* End PBXFrameworksBuildPhase section */

/* Begin PBXGroup section */
		3E3CE4561FBD5C5400B0D5BD = {
			isa = PBXGroup;
			children = (
				3E3CE4611FBD5C5400B0D5BD /* PhotoPick */,
				3E3CE47A1FBD5C5700B0D5BD /* PhotoPickTests */,
				3E3CE4851FBD5C5700B0D5BD /* PhotoPickUITests */,
				3E3CE4601FBD5C5400B0D5BD /* Products */,
			);
			sourceTree = "<group>";
		};
		3E3CE4601FBD5C5400B0D5BD /* Products */ = {
			isa = PBXGroup;
			children = (
				3E3CE45F1FBD5C5400B0D5BD /* PhotoPick.app */,
				3E3CE4771FBD5C5700B0D5BD /* PhotoPickTests.xctest */,
				3E3CE4821FBD5C5700B0D5BD /* PhotoPickUITests.xctest */,
			);
			name = Products;
			sourceTree = "<group>";
		};
		3E3CE4611FBD5C5400B0D5BD /* PhotoPick */ = {
			isa = PBXGroup;
			children = (
				3E3CE4941FBD600C00B0D5BD /* model */,
				3E3CE4621FBD5C5400B0D5BD /* AppDelegate.h */,
				3E3CE4631FBD5C5400B0D5BD /* AppDelegate.m */,
				3E3CE4651FBD5C5400B0D5BD /* ViewController.h */,
				3E3CE4661FBD5C5500B0D5BD /* ViewController.m */,
				3E3CE4681FBD5C5500B0D5BD /* Main.storyboard */,
				3E3CE46B1FBD5C5500B0D5BD /* Assets.xcassets */,
				3E3CE46D1FBD5C5500B0D5BD /* LaunchScreen.storyboard */,
				3E3CE4701FBD5C5500B0D5BD /* Info.plist */,
				3E3CE4711FBD5C5500B0D5BD /* main.m */,
			);
			path = PhotoPick;
			sourceTree = "<group>";
		};
		3E3CE47A1FBD5C5700B0D5BD /* PhotoPickTests */ = {
			isa = PBXGroup;
			children = (
				3E3CE47B1FBD5C5700B0D5BD /* PhotoPickTests.m */,
				3E3CE47D1FBD5C5700B0D5BD /* Info.plist */,
			);
			path = PhotoPickTests;
			sourceTree = "<group>";
		};
		3E3CE4851FBD5C5700B0D5BD /* PhotoPickUITests */ = {
			isa = PBXGroup;
			children = (
				3E3CE4861FBD5C5700B0D5BD /* PhotoPickUITests.m */,
				3E3CE4881FBD5C5700B0D5BD /* Info.plist */,
			);
			path = PhotoPickUITests;
			sourceTree = "<group>";
		};
		3E3CE4941FBD600C00B0D5BD /* model */ = {
			isa = PBXGroup;
			children = (
				3E3CE4951FBD608800B0D5BD /* LHQAblumTool.h */,
				3E3CE4961FBD608800B0D5BD /* LHQAblumTool.m */,
			);
			path = model;
			sourceTree = "<group>";
		};
/* End PBXGroup section */

/* Begin PBXNativeTarget section */
		3E3CE45E1FBD5C5400B0D5BD /* PhotoPick */ = {
			isa = PBXNativeTarget;
			buildConfigurationList = 3E3CE48B1FBD5C5700B0D5BD /* Build configuration list for PBXNativeTarget "PhotoPick" */;
			buildPhases = (
				3E3CE45B1FBD5C5400B0D5BD /* Sources */,
				3E3CE45C1FBD5C5400B0D5BD /* Frameworks */,
				3E3CE45D1FBD5C5400B0D5BD /* Resources */,
			);
			buildRules = (
			);
			dependencies = (
			);
			name = PhotoPick;
			productName = PhotoPick;
			productReference = 3E3CE45F1FBD5C5400B0D5BD /* PhotoPick.app */;
			productType = "com.apple.product-type.application";
		};
		3E3CE4761FBD5C5700B0D5BD /* PhotoPickTests */ = {
			isa = PBXNativeTarget;
			buildConfigurationList = 3E3CE48E1FBD5C5700B0D5BD /* Build configuration list for PBXNativeTarget "PhotoPickTests" */;
			buildPhases = (
				3E3CE4731FBD5C5700B0D5BD /* Sources */,
				3E3CE4741FBD5C5700B0D5BD /* Frameworks */,
				3E3CE4751FBD5C5700B0D5BD /* Resources */,
			);
			buildRules = (
			);
			dependencies = (
				3E3CE4791FBD5C5700B0D5BD /* PBXTargetDependency */,
			);
			name = PhotoPickTests;
			productName = PhotoPickTests;
			productReference = 3E3CE4771FBD5C5700B0D5BD /* PhotoPickTests.xctest */;
			productType = "com.apple.product-type.bundle.unit-test";
		};
		3E3CE4811FBD5C5700B0D5BD /* PhotoPickUITests */ = {
			isa = PBXNativeTarget;
			buildConfigurationList = 3E3CE4911FBD5C5700B0D5BD /* Build configuration list for PBXNativeTarget "PhotoPickUITests" */;
			buildPhases = (
				3E3CE47E1FBD5C5700B0D5BD /* Sources */,
				3E3CE47F1FBD5C5700B0D5BD /* Frameworks */,
				3E3CE4801FBD5C5700B0D5BD /* Resources */,
			);
			buildRules = (
			);
			dependencies = (
				3E3CE4841FBD5C5700B0D5BD /* PBXTargetDependency */,
			);
			name = PhotoPickUITests;
			productName = PhotoPickUITests;
			productReference = 3E3CE4821FBD5C5700B0D5BD /* PhotoPickUITests.xctest */;
			productType = "com.apple.product-type.bundle.ui-testing";
		};
/* End PBXNativeTarget section */

/* Begin PBXProject section */
		3E3CE4571FBD5C5400B0D5BD /* Project object */ = {
			isa = PBXProject;
			attributes = {
				LastUpgradeCheck = 0900;
				ORGANIZATIONNAME = lin;
				TargetAttributes = {
					3E3CE45E1FBD5C5400B0D5BD = {
						CreatedOnToolsVersion = 9.0;
						ProvisioningStyle = Automatic;
					};
					3E3CE4761FBD5C5700B0D5BD = {
						CreatedOnToolsVersion = 9.0;
						ProvisioningStyle = Automatic;
						TestTargetID = 3E3CE45E1FBD5C5400B0D5BD;
					};
					3E3CE4811FBD5C5700B0D5BD = {
						CreatedOnToolsVersion = 9.0;
						ProvisioningStyle = Automatic;
						TestTargetID = 3E3CE45E1FBD5C5400B0D5BD;
					};
				};
			};
			buildConfigurationList = 3E3CE45A1FBD5C5400B0D5BD /* Build configuration list for PBXProject "PhotoPick" */;
			compatibilityVersion = "Xcode 8.0";
			developmentRegion = en;
			hasScannedForEncodings = 0;
			knownRegions = (
				en,
				Base,
			);
			mainGroup = 3E3CE4561FBD5C5400B0D5BD;
			productRefGroup = 3E3CE4601FBD5C5400B0D5BD /* Products */;
			projectDirPath = "";
			projectRoot = "";
			targets = (
				3E3CE45E1FBD5C5400B0D5BD /* PhotoPick */,
				3E3CE4761FBD5C5700B0D5BD /* PhotoPickTests */,
				3E3CE4811FBD5C5700B0D5BD /* PhotoPickUITests */,
			);
		};
/* End PBXProject section */

/* Begin PBXResourcesBuildPhase section */
		3E3CE45D1FBD5C5400B0D5BD /* Resources */ = {
			isa = PBXResourcesBuildPhase;
			buildActionMask = 2147483647;
			files = (
				3E3CE46F1FBD5C5500B0D5BD /* LaunchScreen.storyboard in Resources */,
				3E3CE46C1FBD5C5500B0D5BD /* Assets.xcassets in Resources */,
				3E3CE46A1FBD5C5500B0D5BD /* Main.storyboard in Resources */,
			);
			runOnlyForDeploymentPostprocessing = 0;
		};
		3E3CE4751FBD5C5700B0D5BD /* Resources */ = {
			isa = PBXResourcesBuildPhase;
			buildActionMask = 2147483647;
			files = (
			);
			runOnlyForDeploymentPostprocessing = 0;
		};
		3E3CE4801FBD5C5700B0D5BD /* Resources */ = {
			isa = PBXResourcesBuildPhase;
			buildActionMask = 2147483647;
			files = (
			);
			runOnlyForDeploymentPostprocessing = 0;
		};
/* End PBXResourcesBuildPhase section */

/* Begin PBXSourcesBuildPhase section */
		3E3CE45B1FBD5C5400B0D5BD /* Sources */ = {
			isa = PBXSourcesBuildPhase;
			buildActionMask = 2147483647;
			files = (
				3E3CE4671FBD5C5500B0D5BD /* ViewController.m in Sources */,
				3E3CE4971FBD608800B0D5BD /* LHQAblumTool.m in Sources */,
				3E3CE4721FBD5C5500B0D5BD /* main.m in Sources */,
				3E3CE4641FBD5C5400B0D5BD /* AppDelegate.m in Sources */,
			);
			runOnlyForDeploymentPostprocessing = 0;
		};
		3E3CE4731FBD5C5700B0D5BD /* Sources */ = {
			isa = PBXSourcesBuildPhase;
			buildActionMask = 2147483647;
			files = (
				3E3CE47C1FBD5C5700B0D5BD /* PhotoPickTests.m in Sources */,
			);
			runOnlyForDeploymentPostprocessing = 0;
		};
		3E3CE47E1FBD5C5700B0D5BD /* Sources */ = {
			isa = PBXSourcesBuildPhase;
			buildActionMask = 2147483647;
			files = (
				3E3CE4871FBD5C5700B0D5BD /* PhotoPickUITests.m in Sources */,
			);
			runOnlyForDeploymentPostprocessing = 0;
		};
/* End PBXSourcesBuildPhase section */

/* Begin PBXTargetDependency section */
		3E3CE4791FBD5C5700B0D5BD /* PBXTargetDependency */ = {
			isa = PBXTargetDependency;
			target = 3E3CE45E1FBD5C5400B0D5BD /* PhotoPick */;
			targetProxy = 3E3CE4781FBD5C5700B0D5BD /* PBXContainerItemProxy */;
		};
		3E3CE4841FBD5C5700B0D5BD /* PBXTargetDependency */ = {
			isa = PBXTargetDependency;
			target = 3E3CE45E1FBD5C5400B0D5BD /* PhotoPick */;
			targetProxy = 3E3CE4831FBD5C5700B0D5BD /* PBXContainerItemProxy */;
		};
/* End PBXTargetDependency section */

/* Begin PBXVariantGroup section */
		3E3CE4681FBD5C5500B0D5BD /* Main.storyboard */ = {
			isa = PBXVariantGroup;
			children = (
				3E3CE4691FBD5C5500B0D5BD /* Base */,
			);
			name = Main.storyboard;
			sourceTree = "<group>";
		};
		3E3CE46D1FBD5C5500B0D5BD /* LaunchScreen.storyboard */ = {
			isa = PBXVariantGroup;
			children = (
				3E3CE46E1FBD5C5500B0D5BD /* Base */,
			);
			name = LaunchScreen.storyboard;
			sourceTree = "<group>";
		};
/* End PBXVariantGroup section */

/* Begin XCBuildConfiguration section */
		3E3CE4891FBD5C5700B0D5BD /* Debug */ = {
			isa = XCBuildConfiguration;
			buildSettings = {
				ALWAYS_SEARCH_USER_PATHS = NO;
				CLANG_ANALYZER_NONNULL = YES;
				CLANG_ANALYZER_NUMBER_OBJECT_CONVERSION = YES_AGGRESSIVE;
				CLANG_CXX_LANGUAGE_STANDARD = "gnu++14";
				CLANG_CXX_LIBRARY = "libc++";
				CLANG_ENABLE_MODULES = YES;
				CLANG_ENABLE_OBJC_ARC = YES;
				CLANG_WARN_BLOCK_CAPTURE_AUTORELEASING = YES;
				CLANG_WARN_BOOL_CONVERSION = YES;
				CLANG_WARN_COMMA = YES;
				CLANG_WARN_CONSTANT_CONVERSION = YES;
				CLANG_WARN_DIRECT_OBJC_ISA_USAGE = YES_ERROR;
				CLANG_WARN_DOCUMENTATION_COMMENTS = YES;
				CLANG_WARN_EMPTY_BODY = YES;
				CLANG_WARN_ENUM_CONVERSION = YES;
				CLANG_WARN_INFINITE_RECURSION = YES;
				CLANG_WARN_INT_CONVERSION = YES;
				CLANG_WARN_NON_LITERAL_NULL_CONVERSION = YES;
				CLANG_WARN_OBJC_LITERAL_CONVERSION = YES;
				CLANG_WARN_OBJC_ROOT_CLASS = YES_ERROR;
				CLANG_WARN_RANGE_LOOP_ANALYSIS = YES;
				CLANG_WARN_STRICT_PROTOTYPES = YES;
				CLANG_WARN_SUSPICIOUS_MOVE = YES;
				CLANG_WARN_UNGUARDED_AVAILABILITY = YES_AGGRESSIVE;
				CLANG_WARN_UNREACHABLE_CODE = YES;
				CLANG_WARN__DUPLICATE_METHOD_MATCH = YES;
				CODE_SIGN_IDENTITY = "iPhone Developer";
				COPY_PHASE_STRIP = NO;
				DEBUG_INFORMATION_FORMAT = dwarf;
				ENABLE_STRICT_OBJC_MSGSEND = YES;
				ENABLE_TESTABILITY = YES;
				GCC_C_LANGUAGE_STANDARD = gnu11;
				GCC_DYNAMIC_NO_PIC = NO;
				GCC_NO_COMMON_BLOCKS = YES;
				GCC_OPTIMIZATION_LEVEL = 0;
				GCC_PREPROCESSOR_DEFINITIONS = (
					"DEBUG=1",
					"$(inherited)",
				);
				GCC_WARN_64_TO_32_BIT_CONVERSION = YES;
				GCC_WARN_ABOUT_RETURN_TYPE = YES_ERROR;
				GCC_WARN_UNDECLARED_SELECTOR = YES;
				GCC_WARN_UNINITIALIZED_AUTOS = YES_AGGRESSIVE;
				GCC_WARN_UNUSED_FUNCTION = YES;
				GCC_WARN_UNUSED_VARIABLE = YES;
				IPHONEOS_DEPLOYMENT_TARGET = 11.0;
				MTL_ENABLE_DEBUG_INFO = YES;
				ONLY_ACTIVE_ARCH = YES;
				SDKROOT = iphoneos;
			};
			name = Debug;
		};
		3E3CE48A1FBD5C5700B0D5BD /* Release */ = {
			isa = XCBuildConfiguration;
			buildSettings = {
				ALWAYS_SEARCH_USER_PATHS = NO;
				CLANG_ANALYZER_NONNULL = YES;
				CLANG_ANALYZER_NUMBER_OBJECT_CONVERSION = YES_AGGRESSIVE;
				CLANG_CXX_LANGUAGE_STANDARD = "gnu++14";
				CLANG_CXX_LIBRARY = "libc++";
				CLANG_ENABLE_MODULES = YES;
				CLANG_ENABLE_OBJC_ARC = YES;
				CLANG_WARN_BLOCK_CAPTURE_AUTORELEASING = YES;
				CLANG_WARN_BOOL_CONVERSION = YES;
				CLANG_WARN_COMMA = YES;
				CLANG_WARN_CONSTANT_CONVERSION = YES;
				CLANG_WARN_DIRECT_OBJC_ISA_USAGE = YES_ERROR;
				CLANG_WARN_DOCUMENTATION_COMMENTS = YES;
				CLANG_WARN_EMPTY_BODY = YES;
				CLANG_WARN_ENUM_CONVERSION = YES;
				CLANG_WARN_INFINITE_RECURSION = YES;
				CLANG_WARN_INT_CONVERSION = YES;
				CLANG_WARN_NON_LITERAL_NULL_CONVERSION = YES;
				CLANG_WARN_OBJC_LITERAL_CONVERSION = YES;
				CLANG_WARN_OBJC_ROOT_CLASS = YES_ERROR;
				CLANG_WARN_RANGE_LOOP_ANALYSIS = YES;
				CLANG_WARN_STRICT_PROTOTYPES = YES;
				CLANG_WARN_SUSPICIOUS_MOVE = YES;
				CLANG_WARN_UNGUARDED_AVAILABILITY = YES_AGGRESSIVE;
				CLANG_WARN_UNREACHABLE_CODE = YES;
				CLANG_WARN__DUPLICATE_METHOD_MATCH = YES;
				CODE_SIGN_IDENTITY = "iPhone Developer";
				COPY_PHASE_STRIP = NO;
				DEBUG_INFORMATION_FORMAT = "dwarf-with-dsym";
				ENABLE_NS_ASSERTIONS = NO;
				ENABLE_STRICT_OBJC_MSGSEND = YES;
				GCC_C_LANGUAGE_STANDARD = gnu11;
				GCC_NO_COMMON_BLOCKS = YES;
				GCC_WARN_64_TO_32_BIT_CONVERSION = YES;
				GCC_WARN_ABOUT_RETURN_TYPE = YES_ERROR;
				GCC_WARN_UNDECLARED_SELECTOR = YES;
				GCC_WARN_UNINITIALIZED_AUTOS = YES_AGGRESSIVE;
				GCC_WARN_UNUSED_FUNCTION = YES;
				GCC_WARN_UNUSED_VARIABLE = YES;
				IPHONEOS_DEPLOYMENT_TARGET = 11.0;
				MTL_ENABLE_DEBUG_INFO = NO;
				SDKROOT = iphoneos;
				VALIDATE_PRODUCT = YES;
			};
			name = Release;
		};
		3E3CE48C1FBD5C5700B0D5BD /* Debug */ = {
			isa = XCBuildConfiguration;
			buildSettings = {
				ASSETCATALOG_COMPILER_APPICON_NAME = AppIcon;
				CODE_SIGN_STYLE = Automatic;
				DEVELOPMENT_TEAM = TDPT6UAW97;
				INFOPLIST_FILE = PhotoPick/Info.plist;
				LD_RUNPATH_SEARCH_PATHS = "$(inherited) @executable_path/Frameworks";
				PRODUCT_BUNDLE_IDENTIFIER = lin.com.PhotoPick;
				PRODUCT_NAME = "$(TARGET_NAME)";
				TARGETED_DEVICE_FAMILY = "1,2";
			};
			name = Debug;
		};
		3E3CE48D1FBD5C5700B0D5BD /* Release */ = {
			isa = XCBuildConfiguration;
			buildSettings = {
				ASSETCATALOG_COMPILER_APPICON_NAME = AppIcon;
				CODE_SIGN_STYLE = Automatic;
				DEVELOPMENT_TEAM = TDPT6UAW97;
				INFOPLIST_FILE = PhotoPick/Info.plist;
				LD_RUNPATH_SEARCH_PATHS = "$(inherited) @executable_path/Frameworks";
				PRODUCT_BUNDLE_IDENTIFIER = lin.com.PhotoPick;
				PRODUCT_NAME = "$(TARGET_NAME)";
				TARGETED_DEVICE_FAMILY = "1,2";
			};
			name = Release;
		};
		3E3CE48F1FBD5C5700B0D5BD /* Debug */ = {
			isa = XCBuildConfiguration;
			buildSettings = {
				BUNDLE_LOADER = "$(TEST_HOST)";
				CODE_SIGN_STYLE = Automatic;
				DEVELOPMENT_TEAM = TDPT6UAW97;
				INFOPLIST_FILE = PhotoPickTests/Info.plist;
				LD_RUNPATH_SEARCH_PATHS = "$(inherited) @executable_path/Frameworks @loader_path/Frameworks";
				PRODUCT_BUNDLE_IDENTIFIER = lin.com.PhotoPickTests;
				PRODUCT_NAME = "$(TARGET_NAME)";
				TARGETED_DEVICE_FAMILY = "1,2";
				TEST_HOST = "$(BUILT_PRODUCTS_DIR)/PhotoPick.app/PhotoPick";
			};
			name = Debug;
		};
		3E3CE4901FBD5C5700B0D5BD /* Release */ = {
			isa = XCBuildConfiguration;
			buildSettings = {
				BUNDLE_LOADER = "$(TEST_HOST)";
				CODE_SIGN_STYLE = Automatic;
				DEVELOPMENT_TEAM = TDPT6UAW97;
				INFOPLIST_FILE = PhotoPickTests/Info.plist;
				LD_RUNPATH_SEARCH_PATHS = "$(inherited) @executable_path/Frameworks @loader_path/Frameworks";
				PRODUCT_BUNDLE_IDENTIFIER = lin.com.PhotoPickTests;
				PRODUCT_NAME = "$(TARGET_NAME)";
				TARGETED_DEVICE_FAMILY = "1,2";
				TEST_HOST = "$(BUILT_PRODUCTS_DIR)/PhotoPick.app/PhotoPick";
			};
			name = Release;
		};
		3E3CE4921FBD5C5700B0D5BD /* Debug */ = {
			isa = XCBuildConfiguration;
			buildSettings = {
				CODE_SIGN_STYLE = Automatic;
				DEVELOPMENT_TEAM = TDPT6UAW97;
				INFOPLIST_FILE = PhotoPickUITests/Info.plist;
				LD_RUNPATH_SEARCH_PATHS = "$(inherited) @executable_path/Frameworks @loader_path/Frameworks";
				PRODUCT_BUNDLE_IDENTIFIER = lin.com.PhotoPickUITests;
				PRODUCT_NAME = "$(TARGET_NAME)";
				TARGETED_DEVICE_FAMILY = "1,2";
				TEST_TARGET_NAME = PhotoPick;
			};
			name = Debug;
		};
		3E3CE4931FBD5C5700B0D5BD /* Release */ = {
			isa = XCBuildConfiguration;
			buildSettings = {
				CODE_SIGN_STYLE = Automatic;
				DEVELOPMENT_TEAM = TDPT6UAW97;
				INFOPLIST_FILE = PhotoPickUITests/Info.plist;
				LD_RUNPATH_SEARCH_PATHS = "$(inherited) @executable_path/Frameworks @loader_path/Frameworks";
				PRODUCT_BUNDLE_IDENTIFIER = lin.com.PhotoPickUITests;
				PRODUCT_NAME = "$(TARGET_NAME)";
				TARGETED_DEVICE_FAMILY = "1,2";
				TEST_TARGET_NAME = PhotoPick;
			};
			name = Release;
		};
/* End XCBuildConfiguration section */

/* Begin XCConfigurationList section */
		3E3CE45A1FBD5C5400B0D5BD /* Build configuration list for PBXProject "PhotoPick" */ = {
			isa = XCConfigurationList;
			buildConfigurations = (
				3E3CE4891FBD5C5700B0D5BD /* Debug */,
				3E3CE48A1FBD5C5700B0D5BD /* Release */,
			);
			defaultConfigurationIsVisible = 0;
			defaultConfigurationName = Release;
		};
		3E3CE48B1FBD5C5700B0D5BD /* Build configuration list for PBXNativeTarget "PhotoPick" */ = {
			isa = XCConfigurationList;
			buildConfigurations = (
				3E3CE48C1FBD5C5700B0D5BD /* Debug */,
				3E3CE48D1FBD5C5700B0D5BD /* Release */,
			);
			defaultConfigurationIsVisible = 0;
			defaultConfigurationName = Release;
		};
		3E3CE48E1FBD5C5700B0D5BD /* Build configuration list for PBXNativeTarget "PhotoPickTests" */ = {
			isa = XCConfigurationList;
			buildConfigurations = (
				3E3CE48F1FBD5C5700B0D5BD /* Debug */,
				3E3CE4901FBD5C5700B0D5BD /* Release */,
			);
			defaultConfigurationIsVisible = 0;
			defaultConfigurationName = Release;
		};
		3E3CE4911FBD5C5700B0D5BD /* Build configuration list for PBXNativeTarget "PhotoPickUITests" */ = {
			isa = XCConfigurationList;
			buildConfigurations = (
				3E3CE4921FBD5C5700B0D5BD /* Debug */,
				3E3CE4931FBD5C5700B0D5BD /* Release */,
			);
			defaultConfigurationIsVisible = 0;
			defaultConfigurationName = Release;
		};
/* End XCConfigurationList section */
	};
	rootObject = 3E3CE4571FBD5C5400B0D5BD /* Project object */;
}
